
Microsoft Visual Studio Solution File, Format Version 12.00
# Visual Studio Version 17
VisualStudioVersion = 17.3.32901.215
MinimumVisualStudioVersion = 10.0.40219.1
Project("{9A19103F-16F7-4668-BE54-9A1E7A4F7556}") = "CoptLib", "libs\CopticChanter\CoptLib\CoptLib.csproj", "{AD2994D1-985C-4B99-854F-ABE2B0AC4024}"
EndProject
Project("{9A19103F-16F7-4668-BE54-9A1E7A4F7556}") = "CopticChanter.Blazor.App", "CopticChanter.Blazor.App\CopticChanter.Blazor.App.csproj", "{DB22A7BB-9EC5-4066-BE27-42BD4934844F}"
EndProject
Project("{9A19103F-16F7-4668-BE54-9A1E7A4F7556}") = "CopticChanter.WebApi", "CopticChanter.WebApi\CopticChanter.WebApi.csproj", "{A1C266E7-0BB6-45F6-A5EE-0AF4E9D94721}"
EndProject
Project("{9A19103F-16F7-4668-BE54-9A1E7A4F7556}") = "CopticChanter.WebApi.Core", "CopticChanter.WebApi.Core\CopticChanter.WebApi.Core.csproj", "{28D6377D-D1FE-47EC-A351-EE86168EB989}"
EndProject
Project("{9A19103F-16F7-4668-BE54-9A1E7A4F7556}") = "CopticChanter.WebApi.Client", "CopticChanter.WebApi.Client\CopticChanter.WebApi.Client.csproj", "{F0ED1001-66CB-4835-8A61-83D6407EF20C}"
EndProject
Global
	GlobalSection(SolutionConfigurationPlatforms) = preSolution
		Debug|Any CPU = Debug|Any CPU
		Release|Any CPU = Release|Any CPU
	EndGlobalSection
	GlobalSection(ProjectConfigurationPlatforms) = postSolution
		{AD2994D1-985C-4B99-854F-ABE2B0AC4024}.Debug|Any CPU.ActiveCfg = Debug|Any CPU
		{AD2994D1-985C-4B99-854F-ABE2B0AC4024}.Debug|Any CPU.Build.0 = Debug|Any CPU
		{AD2994D1-985C-4B99-854F-ABE2B0AC4024}.Release|Any CPU.ActiveCfg = Release|Any CPU
		{AD2994D1-985C-4B99-854F-ABE2B0AC4024}.Release|Any CPU.Build.0 = Release|Any CPU
		{DB22A7BB-9EC5-4066-BE27-42BD4934844F}.Debug|Any CPU.ActiveCfg = Debug|Any CPU
		{DB22A7BB-9EC5-4066-BE27-42BD4934844F}.Debug|Any CPU.Build.0 = Debug|Any CPU
		{DB22A7BB-9EC5-4066-BE27-42BD4934844F}.Release|Any CPU.ActiveCfg = Release|Any CPU
		{DB22A7BB-9EC5-4066-BE27-42BD4934844F}.Release|Any CPU.Build.0 = Release|Any CPU
		{A1C266E7-0BB6-45F6-A5EE-0AF4E9D94721}.Debug|Any CPU.ActiveCfg = Debug|Any CPU
		{A1C266E7-0BB6-45F6-A5EE-0AF4E9D94721}.Debug|Any CPU.Build.0 = Debug|Any CPU
		{A1C266E7-0BB6-45F6-A5EE-0AF4E9D94721}.Release|Any CPU.ActiveCfg = Release|Any CPU
		{A1C266E7-0BB6-45F6-A5EE-0AF4E9D94721}.Release|Any CPU.Build.0 = Release|Any CPU
		{28D6377D-D1FE-47EC-A351-EE86168EB989}.Debug|Any CPU.ActiveCfg = Debug|Any CPU
		{28D6377D-D1FE-47EC-A351-EE86168EB989}.Debug|Any CPU.Build.0 = Debug|Any CPU
		{28D6377D-D1FE-47EC-A351-EE86168EB989}.Release|Any CPU.ActiveCfg = Release|Any CPU
		{28D6377D-D1FE-47EC-A351-EE86168EB989}.Release|Any CPU.Build.0 = Release|Any CPU
		{F0ED1001-66CB-4835-8A61-83D6407EF20C}.Debug|Any CPU.ActiveCfg = Debug|Any CPU
		{F0ED1001-66CB-4835-8A61-83D6407EF20C}.Debug|Any CPU.Build.0 = Debug|Any CPU
		{F0ED1001-66CB-4835-8A61-83D6407EF20C}.Release|Any CPU.ActiveCfg = Release|Any CPU
		{F0ED1001-66CB-4835-8A61-83D6407EF20C}.Release|Any CPU.Build.0 = Release|Any CPU
	EndGlobalSection
	GlobalSection(SolutionProperties) = preSolution
		HideSolutionNode = FALSE
	EndGlobalSection
	GlobalSection(ExtensibilityGlobals) = postSolution
		SolutionGuid = {C8ADCE44-EF0C-455B-8743-91C542151E0E}
	EndGlobalSection
EndGlobal
